PODS:
  - device_info_plus (0.0.1):
    - Flutter
  - FingerprintPro (2.1.8)
  - Flutter (1.0.0)
  - flutter_native_splash (0.0.1):
    - Flutter
  - fpjs_pro_plugin (1.5.0):
    - FingerprintPro (~> 2.1.8)
    - Flutter

DEPENDENCIES:
  - device_info_plus (from `.symlinks/plugins/device_info_plus/ios`)
  - Flutter (from `Flutter`)
  - flutter_native_splash (from `.symlinks/plugins/flutter_native_splash/ios`)
  - fpjs_pro_plugin (from `.symlinks/plugins/fpjs_pro_plugin/ios`)

SPEC REPOS:
  trunk:
    - FingerprintPro

EXTERNAL SOURCES:
  device_info_plus:
    :path: ".symlinks/plugins/device_info_plus/ios"
  Flutter:
    :path: Flutter
  flutter_native_splash:
    :path: ".symlinks/plugins/flutter_native_splash/ios"
  fpjs_pro_plugin:
    :path: ".symlinks/plugins/fpjs_pro_plugin/ios"

SPEC CHECKSUMS:
  device_info_plus: e5c5da33f982a436e103237c0c85f9031142abed
  FingerprintPro: 5c55beb92f4eb7a5a10e1ba13daa6a6baec1f213
  Flutter: f04841e97a9d0b0a8025694d0796dd46242b2854
  flutter_native_splash: 52501b97d1c0a5f898d687f1646226c1f93c56ef
  fpjs_pro_plugin: c9fafa1af168859daeeacd0202d09dd0dc780339

PODFILE CHECKSUM: cc1f88378b4bfcf93a6ce00d2c587857c6008d3b

COCOAPODS: 1.12.1
